<?xml version="1.0" encoding="utf-8"?>
<Project ToolsVersion="4.0" xmlns="http://schemas.microsoft.com/developer/msbuild/2003">
  <ItemGroup>
    <Filter Include="Source Files">
      <UniqueIdentifier>{4FC737F1-C7A5-4376-A066-2A32D752A2FF}</UniqueIdentifier>
      <Extensions>cpp;c;cc;cxx;def;odl;idl;hpj;bat;asm;asmx</Extensions>
    </Filter>
    <Filter Include="Header Files">
      <UniqueIdentifier>{93995380-89BD-4b04-88EB-625FBE52EBFB}</UniqueIdentifier>
      <Extensions>h;hh;hpp;hxx;hm;inl;inc;xsd</Extensions>
    </Filter>
    <Filter Include="Resource Files">
      <UniqueIdentifier>{67DA6AB6-F800-4c08-8B7A-83BB121AAD01}</UniqueIdentifier>
      <Extensions>rc;ico;cur;bmp;dlg;rc2;rct;bin;rgs;gif;jpg;jpeg;jpe;resx;tiff;tif;png;wav;mfcribbon-ms</Extensions>
    </Filter>
    <Filter Include="Header Files\deec">
      <UniqueIdentifier>{34bdfe54-595d-44fd-81ad-130b9e44fae7}</UniqueIdentifier>
    </Filter>
    <Filter Include="Header Files\dsp">
      <UniqueIdentifier>{f2998e0a-df9f-4cd0-9cb0-05632743154a}</UniqueIdentifier>
    </Filter>
    <Filter Include="Header Files\enc">
      <UniqueIdentifier>{bb73fac8-f443-439d-b120-cb4dc0043ce9}</UniqueIdentifier>
    </Filter>
    <Filter Include="Header Files\mux">
      <UniqueIdentifier>{bfec3f7e-b1a5-4b1a-8447-7bd1047a6478}</UniqueIdentifier>
    </Filter>
    <Filter Include="Header Files\utils">
      <UniqueIdentifier>{273d8f7c-42f8-4dfd-8a87-611b7f015535}</UniqueIdentifier>
    </Filter>
    <Filter Include="Header Files\webp">
      <UniqueIdentifier>{c1e13d3e-7b45-4ed3-a9d7-a84c263fb9f1}</UniqueIdentifier>
    </Filter>
    <Filter Include="Source Files\dec">
      <UniqueIdentifier>{7df5bb37-8750-42d8-b1e1-db5fd8cbb636}</UniqueIdentifier>
    </Filter>
    <Filter Include="Source Files\demux">
      <UniqueIdentifier>{6430af13-589a-440f-b569-24e5e58d2c3b}</UniqueIdentifier>
    </Filter>
    <Filter Include="Source Files\dsp">
      <UniqueIdentifier>{123e4705-c763-4a53-9146-0a6a2943b364}</UniqueIdentifier>
    </Filter>
    <Filter Include="Source Files\enc">
      <UniqueIdentifier>{1814f975-a9a1-4e53-8514-b9fdb1f889d0}</UniqueIdentifier>
    </Filter>
    <Filter Include="Source Files\mux">
      <UniqueIdentifier>{194ed6a4-a61e-459f-8ff6-7ec795f96387}</UniqueIdentifier>
    </Filter>
    <Filter Include="Source Files\utils">
      <UniqueIdentifier>{a3f7e9d9-b4ad-4a0c-80be-907f9ffcff07}</UniqueIdentifier>
    </Filter>
  </ItemGroup>
  <ItemGroup>
    <ClInclude Include="src\dec\alphai.h">
      <Filter>Header Files\deec</Filter>
    </ClInclude>
    <ClInclude Include="src\dec\decode_vp8.h">
      <Filter>Header Files\deec</Filter>
    </ClInclude>
    <ClInclude Include="src\dec\vp8i.h">
      <Filter>Header Files\deec</Filter>
    </ClInclude>
    <ClInclude Include="src\dec\vp8li.h">
      <Filter>Header Files\deec</Filter>
    </ClInclude>
    <ClInclude Include="src\dec\webpi.h">
      <Filter>Header Files\deec</Filter>
    </ClInclude>
    <ClInclude Include="src\dsp\dsp.h">
      <Filter>Header Files\dsp</Filter>
    </ClInclude>
    <ClInclude Include="src\dsp\lossless.h">
      <Filter>Header Files\dsp</Filter>
    </ClInclude>
    <ClInclude Include="src\dsp\mips_macro.h">
      <Filter>Header Files\dsp</Filter>
    </ClInclude>
    <ClInclude Include="src\dsp\neon.h">
      <Filter>Header Files\dsp</Filter>
    </ClInclude>
    <ClInclude Include="src\dsp\yuv.h">
      <Filter>Header Files\dsp</Filter>
    </ClInclude>
    <ClInclude Include="src\dsp\yuv_tables_sse2.h">
      <Filter>Header Files\dsp</Filter>
    </ClInclude>
    <ClInclude Include="src\enc\backward_references.h">
      <Filter>Header Files\enc</Filter>
    </ClInclude>
    <ClInclude Include="src\enc\cost.h">
      <Filter>Header Files\enc</Filter>
    </ClInclude>
    <ClInclude Include="src\enc\histogram.h">
      <Filter>Header Files\enc</Filter>
    </ClInclude>
    <ClInclude Include="src\enc\vp8enci.h">
      <Filter>Header Files\enc</Filter>
    </ClInclude>
    <ClInclude Include="src\enc\vp8li.h">
      <Filter>Header Files\enc</Filter>
    </ClInclude>
    <ClInclude Include="src\mux\muxi.h">
      <Filter>Header Files\mux</Filter>
    </ClInclude>
    <ClInclude Include="src\utils\bit_reader.h">
      <Filter>Header Files\utils</Filter>
    </ClInclude>
    <ClInclude Include="src\utils\bit_reader_inl.h">
      <Filter>Header Files\utils</Filter>
    </ClInclude>
    <ClInclude Include="src\utils\bit_writer.h">
      <Filter>Header Files\utils</Filter>
    </ClInclude>
    <ClInclude Include="src\utils\color_cache.h">
      <Filter>Header Files\utils</Filter>
    </ClInclude>
    <ClInclude Include="src\utils\endian_inl.h">
      <Filter>Header Files\utils</Filter>
    </ClInclude>
    <ClInclude Include="src\utils\filters.h">
      <Filter>Header Files\utils</Filter>
    </ClInclude>
    <ClInclude Include="src\utils\huffman.h">
      <Filter>Header Files\utils</Filter>
    </ClInclude>
    <ClInclude Include="src\utils\huffman_encode.h">
      <Filter>Header Files\utils</Filter>
    </ClInclude>
    <ClInclude Include="src\utils\quant_levels.h">
      <Filter>Header Files\utils</Filter>
    </ClInclude>
    <ClInclude Include="src\utils\quant_levels_dec.h">
      <Filter>Header Files\utils</Filter>
    </ClInclude>
    <ClInclude Include="src\utils\random.h">
      <Filter>Header Files\utils</Filter>
    </ClInclude>
    <ClInclude Include="src\utils\rescaler.h">
      <Filter>Header Files\utils</Filter>
    </ClInclude>
    <ClInclude Include="src\utils\thread.h">
      <Filter>Header Files\utils</Filter>
    </ClInclude>
    <ClInclude Include="src\utils\utils.h">
      <Filter>Header Files\utils</Filter>
    </ClInclude>
    <ClInclude Include="src\webp\decode.h">
      <Filter>Header Files\webp</Filter>
    </ClInclude>
    <ClInclude Include="src\webp\demux.h">
      <Filter>Header Files\webp</Filter>
    </ClInclude>
    <ClInclude Include="src\webp\encode.h">
      <Filter>Header Files\webp</Filter>
    </ClInclude>
    <ClInclude Include="src\webp\format_constants.h">
      <Filter>Header Files\webp</Filter>
    </ClInclude>
    <ClInclude Include="src\webp\mux.h">
      <Filter>Header Files\webp</Filter>
    </ClInclude>
    <ClInclude Include="src\webp\mux_types.h">
      <Filter>Header Files\webp</Filter>
    </ClInclude>
    <ClInclude Include="src\webp\types.h">
      <Filter>Header Files\webp</Filter>
    </ClInclude>
  </ItemGroup>
  <ItemGroup>
    <ClCompile Include="src\dec\dec.webp.c">
      <Filter>Source Files\dec</Filter>
    </ClCompile>
    <ClCompile Include="src\dec\dec.vp8l.c">
      <Filter>Source Files\dec</Filter>
    </ClCompile>
    <ClCompile Include="src\dec\dec.vp8.c">
      <Filter>Source Files\dec</Filter>
    </ClCompile>
    <ClCompile Include="src\dec\dec.tree.c">
      <Filter>Source Files\dec</Filter>
    </ClCompile>
    <ClCompile Include="src\dec\dec.quant.c">
      <Filter>Source Files\dec</Filter>
    </ClCompile>
    <ClCompile Include="src\dec\dec.io.c">
      <Filter>Source Files\dec</Filter>
    </ClCompile>
    <ClCompile Include="src\dec\dec.idec.c">
      <Filter>Source Files\dec</Filter>
    </ClCompile>
    <ClCompile Include="src\dec\dec.frame.c">
      <Filter>Source Files\dec</Filter>
    </ClCompile>
    <ClCompile Include="src\dec\dec.buffer.c">
      <Filter>Source Files\dec</Filter>
    </ClCompile>
    <ClCompile Include="src\dec\dec.alpha.c">
      <Filter>Source Files\dec</Filter>
    </ClCompile>
    <ClCompile Include="src\demux\demux.demux.c">
      <Filter>Source Files\demux</Filter>
    </ClCompile>
    <ClCompile Include="src\dsp\dsp.alpha_processing.c">
      <Filter>Source Files\dsp</Filter>
    </ClCompile>
    <ClCompile Include="src\dsp\dsp.alpha_processing_mips_dsp_r2.c">
      <Filter>Source Files\dsp</Filter>
    </ClCompile>
    <ClCompile Include="src\dsp\dsp.alpha_processing_sse2.c">
      <Filter>Source Files\dsp</Filter>
    </ClCompile>
    <ClCompile Include="src\dsp\dsp.argb.c">
      <Filter>Source Files\dsp</Filter>
    </ClCompile>
    <ClCompile Include="src\dsp\dsp.argb_mips_dsp_r2.c">
      <Filter>Source Files\dsp</Filter>
    </ClCompile>
    <ClCompile Include="src\dsp\dsp.argb_sse2.c">
      <Filter>Source Files\dsp</Filter>
    </ClCompile>
    <ClCompile Include="src\dsp\dsp.cost.c">
      <Filter>Source Files\dsp</Filter>
    </ClCompile>
    <ClCompile Include="src\dsp\dsp.cost_mips_dsp_r2.c">
      <Filter>Source Files\dsp</Filter>
    </ClCompile>
    <ClCompile Include="src\dsp\dsp.cost_mips32.c">
      <Filter>Source Files\dsp</Filter>
    </ClCompile>
    <ClCompile Include="src\dsp\dsp.cost_sse2.c">
      <Filter>Source Files\dsp</Filter>
    </ClCompile>
    <ClCompile Include="src\dsp\dsp.cpu.c">
      <Filter>Source Files\dsp</Filter>
    </ClCompile>
    <ClCompile Include="src\dsp\dsp.dec.c">
      <Filter>Source Files\dsp</Filter>
    </ClCompile>
    <ClCompile Include="src\dsp\dsp.dec_clip_tables.c">
      <Filter>Source Files\dsp</Filter>
    </ClCompile>
    <ClCompile Include="src\dsp\dsp.dec_mips_dsp_r2.c">
      <Filter>Source Files\dsp</Filter>
    </ClCompile>
    <ClCompile Include="src\dsp\dsp.dec_mips32.c">
      <Filter>Source Files\dsp</Filter>
    </ClCompile>
    <ClCompile Include="src\dsp\dsp.dec_neon.c">
      <Filter>Source Files\dsp</Filter>
    </ClCompile>
    <ClCompile Include="src\dsp\dsp.dec_sse2.c">
      <Filter>Source Files\dsp</Filter>
    </ClCompile>
    <ClCompile Include="src\dsp\dsp.enc.c">
      <Filter>Source Files\dsp</Filter>
    </ClCompile>
    <ClCompile Include="src\dsp\dsp.enc_avx2.c">
      <Filter>Source Files\dsp</Filter>
    </ClCompile>
    <ClCompile Include="src\dsp\dsp.enc_mips_dsp_r2.c">
      <Filter>Source Files\dsp</Filter>
    </ClCompile>
    <ClCompile Include="src\dsp\dsp.enc_mips32.c">
      <Filter>Source Files\dsp</Filter>
    </ClCompile>
    <ClCompile Include="src\dsp\dsp.enc_neon.c">
      <Filter>Source Files\dsp</Filter>
    </ClCompile>
    <ClCompile Include="src\dsp\dsp.enc_sse2.c">
      <Filter>Source Files\dsp</Filter>
    </ClCompile>
    <ClCompile Include="src\dsp\dsp.filters.c">
      <Filter>Source Files\dsp</Filter>
    </ClCompile>
    <ClCompile Include="src\dsp\dsp.filters_mips_dsp_r2.c">
      <Filter>Source Files\dsp</Filter>
    </ClCompile>
    <ClCompile Include="src\dsp\dsp.filters_sse2.c">
      <Filter>Source Files\dsp</Filter>
    </ClCompile>
    <ClCompile Include="src\dsp\dsp.lossless.c">
      <Filter>Source Files\dsp</Filter>
    </ClCompile>
    <ClCompile Include="src\dsp\dsp.lossless_mips_dsp_r2.c">
      <Filter>Source Files\dsp</Filter>
    </ClCompile>
    <ClCompile Include="src\dsp\dsp.lossless_mips32.c">
      <Filter>Source Files\dsp</Filter>
    </ClCompile>
    <ClCompile Include="src\dsp\dsp.lossless_neon.c">
      <Filter>Source Files\dsp</Filter>
    </ClCompile>
    <ClCompile Include="src\dsp\dsp.lossless_sse2.c">
      <Filter>Source Files\dsp</Filter>
    </ClCompile>
    <ClCompile Include="src\dsp\dsp.rescaler.c">
      <Filter>Source Files\dsp</Filter>
    </ClCompile>
    <ClCompile Include="src\dsp\dsp.rescaler_mips_dsp_r2.c">
      <Filter>Source Files\dsp</Filter>
    </ClCompile>
    <ClCompile Include="src\dsp\dsp.rescaler_mips32.c">
      <Filter>Source Files\dsp</Filter>
    </ClCompile>
    <ClCompile Include="src\dsp\dsp.upsampling.c">
      <Filter>Source Files\dsp</Filter>
    </ClCompile>
    <ClCompile Include="src\dsp\dsp.upsampling_mips_dsp_r2.c">
      <Filter>Source Files\dsp</Filter>
    </ClCompile>
    <ClCompile Include="src\dsp\dsp.upsampling_neon.c">
      <Filter>Source Files\dsp</Filter>
    </ClCompile>
    <ClCompile Include="src\dsp\dsp.upsampling_sse2.c">
      <Filter>Source Files\dsp</Filter>
    </ClCompile>
    <ClCompile Include="src\dsp\dsp.yuv.c">
      <Filter>Source Files\dsp</Filter>
    </ClCompile>
    <ClCompile Include="src\dsp\dsp.yuv_mips_dsp_r2.c">
      <Filter>Source Files\dsp</Filter>
    </ClCompile>
    <ClCompile Include="src\dsp\dsp.yuv_mips32.c">
      <Filter>Source Files\dsp</Filter>
    </ClCompile>
    <ClCompile Include="src\dsp\dsp.yuv_sse2.c">
      <Filter>Source Files\dsp</Filter>
    </ClCompile>
    <ClCompile Include="src\enc\enc.alpha.c">
      <Filter>Source Files\enc</Filter>
    </ClCompile>
    <ClCompile Include="src\enc\enc.analysis.c">
      <Filter>Source Files\enc</Filter>
    </ClCompile>
    <ClCompile Include="src\enc\enc.backward_references.c">
      <Filter>Source Files\enc</Filter>
    </ClCompile>
    <ClCompile Include="src\enc\enc.config.c">
      <Filter>Source Files\enc</Filter>
    </ClCompile>
    <ClCompile Include="src\enc\enc.cost.c">
      <Filter>Source Files\enc</Filter>
    </ClCompile>
    <ClCompile Include="src\enc\enc.filter.c">
      <Filter>Source Files\enc</Filter>
    </ClCompile>
    <ClCompile Include="src\enc\enc.frame.c">
      <Filter>Source Files\enc</Filter>
    </ClCompile>
    <ClCompile Include="src\enc\enc.histogram.c">
      <Filter>Source Files\enc</Filter>
    </ClCompile>
    <ClCompile Include="src\enc\enc.iterator.c">
      <Filter>Source Files\enc</Filter>
    </ClCompile>
    <ClCompile Include="src\enc\enc.near_lossless.c">
      <Filter>Source Files\enc</Filter>
    </ClCompile>
    <ClCompile Include="src\enc\enc.picture.c">
      <Filter>Source Files\enc</Filter>
    </ClCompile>
    <ClCompile Include="src\enc\enc.picture_csp.c">
      <Filter>Source Files\enc</Filter>
    </ClCompile>
    <ClCompile Include="src\enc\enc.picture_psnr.c">
      <Filter>Source Files\enc</Filter>
    </ClCompile>
    <ClCompile Include="src\enc\enc.picture_rescale.c">
      <Filter>Source Files\enc</Filter>
    </ClCompile>
    <ClCompile Include="src\enc\enc.picture_tools.c">
      <Filter>Source Files\enc</Filter>
    </ClCompile>
    <ClCompile Include="src\enc\enc.quant.c">
      <Filter>Source Files\enc</Filter>
    </ClCompile>
    <ClCompile Include="src\enc\enc.syntax.c">
      <Filter>Source Files\enc</Filter>
    </ClCompile>
    <ClCompile Include="src\enc\enc.token.c">
      <Filter>Source Files\enc</Filter>
    </ClCompile>
    <ClCompile Include="src\enc\enc.tree.c">
      <Filter>Source Files\enc</Filter>
    </ClCompile>
    <ClCompile Include="src\enc\enc.vp8l.c">
      <Filter>Source Files\enc</Filter>
    </ClCompile>
    <ClCompile Include="src\enc\enc.webpenc.c">
      <Filter>Source Files\enc</Filter>
    </ClCompile>
    <ClCompile Include="src\mux\mux.anim_encode.c">
      <Filter>Source Files\mux</Filter>
    </ClCompile>
    <ClCompile Include="src\mux\mux.muxedit.c">
      <Filter>Source Files\mux</Filter>
    </ClCompile>
    <ClCompile Include="src\mux\mux.muxinternal.c">
      <Filter>Source Files\mux</Filter>
    </ClCompile>
    <ClCompile Include="src\mux\mux.muxread.c">
      <Filter>Source Files\mux</Filter>
    </ClCompile>
    <ClCompile Include="src\utils\utils.bit_reader.c">
      <Filter>Source Files\utils</Filter>
    </ClCompile>
    <ClCompile Include="src\utils\utils.bit_writer.c">
      <Filter>Source Files\utils</Filter>
    </ClCompile>
    <ClCompile Include="src\utils\utils.color_cache.c">
      <Filter>Source Files\utils</Filter>
    </ClCompile>
    <ClCompile Include="src\utils\utils.filters.c">
      <Filter>Source Files\utils</Filter>
    </ClCompile>
    <ClCompile Include="src\utils\utils.huffman.c">
      <Filter>Source Files\utils</Filter>
    </ClCompile>
    <ClCompile Include="src\utils\utils.huffman_encode.c">
      <Filter>Source Files\utils</Filter>
    </ClCompile>
    <ClCompile Include="src\utils\utils.quant_levels.c">
      <Filter>Source Files\utils</Filter>
    </ClCompile>
    <ClCompile Include="src\utils\utils.quant_levels_dec.c">
      <Filter>Source Files\utils</Filter>
    </ClCompile>
    <ClCompile Include="src\utils\utils.random.c">
      <Filter>Source Files\utils</Filter>
    </ClCompile>
    <ClCompile Include="src\utils\utils.rescaler.c">
      <Filter>Source Files\utils</Filter>
    </ClCompile>
    <ClCompile Include="src\utils\utils.thread.c">
      <Filter>Source Files\utils</Filter>
    </ClCompile>
    <ClCompile Include="src\utils\utils.utils.c">
      <Filter>Source Files\utils</Filter>
    </ClCompile>
  </ItemGroup>
</Project>