
Microsoft Visual Studio Solution File, Format Version 12.00
# Visual Studio 14
VisualStudioVersion = 14.0.25420.1
MinimumVisualStudioVersion = 10.0.40219.1
Project("{8BC9CEB8-8B4A-11D0-8D11-00A0C91BC942}") = "FreeImage", "FreeImage.2015.vcxproj", "{D095A591-3C7A-4C9F-930D-FEBA4B74B841}"
	ProjectSection(ProjectDependencies) = postProject
		{34108409-49A9-496F-8402-908F98D56DD6} = {34108409-49A9-496F-8402-908F98D56DD6}
		{314F4822-03D4-4F44-9A47-890C09D94547} = {314F4822-03D4-4F44-9A47-890C09D94547}
		{8CCFB451-C11D-4080-BA90-043EBCB3AAAB} = {8CCFB451-C11D-4080-BA90-043EBCB3AAAB}
		{0A68456A-C176-4FBD-82F3-33ACF500C392} = {0A68456A-C176-4FBD-82F3-33ACF500C392}
		{B2153679-F29D-439A-8035-49C10BF22A53} = {B2153679-F29D-439A-8035-49C10BF22A53}
		{18265D9F-DEC7-4DF7-A10E-14AF7E1BB84E} = {18265D9F-DEC7-4DF7-A10E-14AF7E1BB84E}
		{077D4FAE-6711-470E-9243-F39F2B2B9CF4} = {077D4FAE-6711-470E-9243-F39F2B2B9CF4}
		{B2D779B8-2AA8-4E09-89F0-095A9504965B} = {B2D779B8-2AA8-4E09-89F0-095A9504965B}
		{28430CE1-7494-4649-95A7-66FF7B58F7CA} = {28430CE1-7494-4649-95A7-66FF7B58F7CA}
	EndProjectSection
EndProject
Project("{8BC9CEB8-8B4A-11D0-8D11-00A0C91BC942}") = "FreeImageLib", "Source\FreeImageLib\FreeImageLib.2015.vcxproj", "{7FA5AF07-FF25-42EB-BA05-261335F2F843}"
	ProjectSection(ProjectDependencies) = postProject
		{34108409-49A9-496F-8402-908F98D56DD6} = {34108409-49A9-496F-8402-908F98D56DD6}
		{314F4822-03D4-4F44-9A47-890C09D94547} = {314F4822-03D4-4F44-9A47-890C09D94547}
		{8CCFB451-C11D-4080-BA90-043EBCB3AAAB} = {8CCFB451-C11D-4080-BA90-043EBCB3AAAB}
		{0A68456A-C176-4FBD-82F3-33ACF500C392} = {0A68456A-C176-4FBD-82F3-33ACF500C392}
		{B2153679-F29D-439A-8035-49C10BF22A53} = {B2153679-F29D-439A-8035-49C10BF22A53}
		{18265D9F-DEC7-4DF7-A10E-14AF7E1BB84E} = {18265D9F-DEC7-4DF7-A10E-14AF7E1BB84E}
		{077D4FAE-6711-470E-9243-F39F2B2B9CF4} = {077D4FAE-6711-470E-9243-F39F2B2B9CF4}
		{B2D779B8-2AA8-4E09-89F0-095A9504965B} = {B2D779B8-2AA8-4E09-89F0-095A9504965B}
		{28430CE1-7494-4649-95A7-66FF7B58F7CA} = {28430CE1-7494-4649-95A7-66FF7B58F7CA}
	EndProjectSection
EndProject
Project("{8BC9CEB8-8B4A-11D0-8D11-00A0C91BC942}") = "FreeImagePlus", "Wrapper\FreeImagePlus\FreeImagePlus.2015.vcxproj", "{F6A55252-C027-4281-9CC4-1EFBFA24B9BB}"
	ProjectSection(ProjectDependencies) = postProject
		{D095A591-3C7A-4C9F-930D-FEBA4B74B841} = {D095A591-3C7A-4C9F-930D-FEBA4B74B841}
	EndProjectSection
EndProject
Project("{8BC9CEB8-8B4A-11D0-8D11-00A0C91BC942}") = "LibJPEG", "Source\LibJPEG\LibJPEG.2015.vcxproj", "{B2153679-F29D-439A-8035-49C10BF22A53}"
EndProject
Project("{8BC9CEB8-8B4A-11D0-8D11-00A0C91BC942}") = "LibJXR", "Source\LibJXR\LibJXR.2015.vcxproj", "{28430CE1-7494-4649-95A7-66FF7B58F7CA}"
EndProject
Project("{8BC9CEB8-8B4A-11D0-8D11-00A0C91BC942}") = "LibOpenJPEG", "Source\LibOpenJPEG\LibOpenJPEG.2015.vcxproj", "{8CCFB451-C11D-4080-BA90-043EBCB3AAAB}"
EndProject
Project("{8BC9CEB8-8B4A-11D0-8D11-00A0C91BC942}") = "LibPNG", "Source\LibPNG\LibPNG.2015.vcxproj", "{B2D779B8-2AA8-4E09-89F0-095A9504965B}"
EndProject
Project("{8BC9CEB8-8B4A-11D0-8D11-00A0C91BC942}") = "LibRaw", "Source\LibRawLite\LibRawLite.2015.vcxproj", "{314F4822-03D4-4F44-9A47-890C09D94547}"
EndProject
Project("{8BC9CEB8-8B4A-11D0-8D11-00A0C91BC942}") = "OpenEXR", "Source\OpenEXR\OpenEXR.2015.vcxproj", "{077D4FAE-6711-470E-9243-F39F2B2B9CF4}"
EndProject
Project("{8BC9CEB8-8B4A-11D0-8D11-00A0C91BC942}") = "Zlib", "Source\ZLib\Zlib.2015.vcxproj", "{18265D9F-DEC7-4DF7-A10E-14AF7E1BB84E}"
EndProject
Project("{8BC9CEB8-8B4A-11D0-8D11-00A0C91BC942}") = "LibTIFF4", "Source\LibTIFF4\LibTIFF4.2015.vcxproj", "{34108409-49A9-496F-8402-908F98D56DD6}"
EndProject
Project("{8BC9CEB8-8B4A-11D0-8D11-00A0C91BC942}") = "LibWebP", "Source\LibWebP\LibWebP.2015.vcxproj", "{0A68456A-C176-4FBD-82F3-33ACF500C392}"
EndProject
Global
	GlobalSection(SolutionConfigurationPlatforms) = preSolution
		Debug|x64 = Debug|x64
		Debug|x86 = Debug|x86
		Release|x64 = Release|x64
		Release|x86 = Release|x86
	EndGlobalSection
	GlobalSection(ProjectConfigurationPlatforms) = postSolution
		{D095A591-3C7A-4C9F-930D-FEBA4B74B841}.Debug|x64.ActiveCfg = Debug|x64
		{D095A591-3C7A-4C9F-930D-FEBA4B74B841}.Debug|x64.Build.0 = Debug|x64
		{D095A591-3C7A-4C9F-930D-FEBA4B74B841}.Debug|x86.ActiveCfg = Debug|Win32
		{D095A591-3C7A-4C9F-930D-FEBA4B74B841}.Debug|x86.Build.0 = Debug|Win32
		{D095A591-3C7A-4C9F-930D-FEBA4B74B841}.Release|x64.ActiveCfg = Release|x64
		{D095A591-3C7A-4C9F-930D-FEBA4B74B841}.Release|x64.Build.0 = Release|x64
		{D095A591-3C7A-4C9F-930D-FEBA4B74B841}.Release|x86.ActiveCfg = Release|Win32
		{D095A591-3C7A-4C9F-930D-FEBA4B74B841}.Release|x86.Build.0 = Release|Win32
		{7FA5AF07-FF25-42EB-BA05-261335F2F843}.Debug|x64.ActiveCfg = Debug|x64
		{7FA5AF07-FF25-42EB-BA05-261335F2F843}.Debug|x64.Build.0 = Debug|x64
		{7FA5AF07-FF25-42EB-BA05-261335F2F843}.Debug|x86.ActiveCfg = Debug|Win32
		{7FA5AF07-FF25-42EB-BA05-261335F2F843}.Debug|x86.Build.0 = Debug|Win32
		{7FA5AF07-FF25-42EB-BA05-261335F2F843}.Release|x64.ActiveCfg = Release|x64
		{7FA5AF07-FF25-42EB-BA05-261335F2F843}.Release|x64.Build.0 = Release|x64
		{7FA5AF07-FF25-42EB-BA05-261335F2F843}.Release|x86.ActiveCfg = Release|Win32
		{7FA5AF07-FF25-42EB-BA05-261335F2F843}.Release|x86.Build.0 = Release|Win32
		{F6A55252-C027-4281-9CC4-1EFBFA24B9BB}.Debug|x64.ActiveCfg = Debug|x64
		{F6A55252-C027-4281-9CC4-1EFBFA24B9BB}.Debug|x64.Build.0 = Debug|x64
		{F6A55252-C027-4281-9CC4-1EFBFA24B9BB}.Debug|x86.ActiveCfg = Debug|Win32
		{F6A55252-C027-4281-9CC4-1EFBFA24B9BB}.Debug|x86.Build.0 = Debug|Win32
		{F6A55252-C027-4281-9CC4-1EFBFA24B9BB}.Release|x64.ActiveCfg = Release|x64
		{F6A55252-C027-4281-9CC4-1EFBFA24B9BB}.Release|x64.Build.0 = Release|x64
		{F6A55252-C027-4281-9CC4-1EFBFA24B9BB}.Release|x86.ActiveCfg = Release|Win32
		{F6A55252-C027-4281-9CC4-1EFBFA24B9BB}.Release|x86.Build.0 = Release|Win32
		{B2153679-F29D-439A-8035-49C10BF22A53}.Debug|x64.ActiveCfg = Debug|x64
		{B2153679-F29D-439A-8035-49C10BF22A53}.Debug|x64.Build.0 = Debug|x64
		{B2153679-F29D-439A-8035-49C10BF22A53}.Debug|x86.ActiveCfg = Debug|Win32
		{B2153679-F29D-439A-8035-49C10BF22A53}.Debug|x86.Build.0 = Debug|Win32
		{B2153679-F29D-439A-8035-49C10BF22A53}.Release|x64.ActiveCfg = Release|x64
		{B2153679-F29D-439A-8035-49C10BF22A53}.Release|x64.Build.0 = Release|x64
		{B2153679-F29D-439A-8035-49C10BF22A53}.Release|x86.ActiveCfg = Release|Win32
		{B2153679-F29D-439A-8035-49C10BF22A53}.Release|x86.Build.0 = Release|Win32
		{28430CE1-7494-4649-95A7-66FF7B58F7CA}.Debug|x64.ActiveCfg = Debug|x64
		{28430CE1-7494-4649-95A7-66FF7B58F7CA}.Debug|x64.Build.0 = Debug|x64
		{28430CE1-7494-4649-95A7-66FF7B58F7CA}.Debug|x86.ActiveCfg = Debug|Win32
		{28430CE1-7494-4649-95A7-66FF7B58F7CA}.Debug|x86.Build.0 = Debug|Win32
		{28430CE1-7494-4649-95A7-66FF7B58F7CA}.Release|x64.ActiveCfg = Release|x64
		{28430CE1-7494-4649-95A7-66FF7B58F7CA}.Release|x64.Build.0 = Release|x64
		{28430CE1-7494-4649-95A7-66FF7B58F7CA}.Release|x86.ActiveCfg = Release|Win32
		{28430CE1-7494-4649-95A7-66FF7B58F7CA}.Release|x86.Build.0 = Release|Win32
		{8CCFB451-C11D-4080-BA90-043EBCB3AAAB}.Debug|x64.ActiveCfg = Debug|x64
		{8CCFB451-C11D-4080-BA90-043EBCB3AAAB}.Debug|x64.Build.0 = Debug|x64
		{8CCFB451-C11D-4080-BA90-043EBCB3AAAB}.Debug|x86.ActiveCfg = Debug|Win32
		{8CCFB451-C11D-4080-BA90-043EBCB3AAAB}.Debug|x86.Build.0 = Debug|Win32
		{8CCFB451-C11D-4080-BA90-043EBCB3AAAB}.Release|x64.ActiveCfg = Release|x64
		{8CCFB451-C11D-4080-BA90-043EBCB3AAAB}.Release|x64.Build.0 = Release|x64
		{8CCFB451-C11D-4080-BA90-043EBCB3AAAB}.Release|x86.ActiveCfg = Release|Win32
		{8CCFB451-C11D-4080-BA90-043EBCB3AAAB}.Release|x86.Build.0 = Release|Win32
		{B2D779B8-2AA8-4E09-89F0-095A9504965B}.Debug|x64.ActiveCfg = Debug|x64
		{B2D779B8-2AA8-4E09-89F0-095A9504965B}.Debug|x64.Build.0 = Debug|x64
		{B2D779B8-2AA8-4E09-89F0-095A9504965B}.Debug|x86.ActiveCfg = Debug|Win32
		{B2D779B8-2AA8-4E09-89F0-095A9504965B}.Debug|x86.Build.0 = Debug|Win32
		{B2D779B8-2AA8-4E09-89F0-095A9504965B}.Release|x64.ActiveCfg = Release|x64
		{B2D779B8-2AA8-4E09-89F0-095A9504965B}.Release|x64.Build.0 = Release|x64
		{B2D779B8-2AA8-4E09-89F0-095A9504965B}.Release|x86.ActiveCfg = Release|Win32
		{B2D779B8-2AA8-4E09-89F0-095A9504965B}.Release|x86.Build.0 = Release|Win32
		{314F4822-03D4-4F44-9A47-890C09D94547}.Debug|x64.ActiveCfg = Debug|x64
		{314F4822-03D4-4F44-9A47-890C09D94547}.Debug|x64.Build.0 = Debug|x64
		{314F4822-03D4-4F44-9A47-890C09D94547}.Debug|x86.ActiveCfg = Debug|Win32
		{314F4822-03D4-4F44-9A47-890C09D94547}.Debug|x86.Build.0 = Debug|Win32
		{314F4822-03D4-4F44-9A47-890C09D94547}.Release|x64.ActiveCfg = Release|x64
		{314F4822-03D4-4F44-9A47-890C09D94547}.Release|x64.Build.0 = Release|x64
		{314F4822-03D4-4F44-9A47-890C09D94547}.Release|x86.ActiveCfg = Release|Win32
		{314F4822-03D4-4F44-9A47-890C09D94547}.Release|x86.Build.0 = Release|Win32
		{077D4FAE-6711-470E-9243-F39F2B2B9CF4}.Debug|x64.ActiveCfg = Debug|x64
		{077D4FAE-6711-470E-9243-F39F2B2B9CF4}.Debug|x64.Build.0 = Debug|x64
		{077D4FAE-6711-470E-9243-F39F2B2B9CF4}.Debug|x86.ActiveCfg = Debug|Win32
		{077D4FAE-6711-470E-9243-F39F2B2B9CF4}.Debug|x86.Build.0 = Debug|Win32
		{077D4FAE-6711-470E-9243-F39F2B2B9CF4}.Release|x64.ActiveCfg = Release|x64
		{077D4FAE-6711-470E-9243-F39F2B2B9CF4}.Release|x64.Build.0 = Release|x64
		{077D4FAE-6711-470E-9243-F39F2B2B9CF4}.Release|x86.ActiveCfg = Release|Win32
		{077D4FAE-6711-470E-9243-F39F2B2B9CF4}.Release|x86.Build.0 = Release|Win32
		{18265D9F-DEC7-4DF7-A10E-14AF7E1BB84E}.Debug|x64.ActiveCfg = Debug|x64
		{18265D9F-DEC7-4DF7-A10E-14AF7E1BB84E}.Debug|x64.Build.0 = Debug|x64
		{18265D9F-DEC7-4DF7-A10E-14AF7E1BB84E}.Debug|x86.ActiveCfg = Debug|Win32
		{18265D9F-DEC7-4DF7-A10E-14AF7E1BB84E}.Debug|x86.Build.0 = Debug|Win32
		{18265D9F-DEC7-4DF7-A10E-14AF7E1BB84E}.Release|x64.ActiveCfg = Release|x64
		{18265D9F-DEC7-4DF7-A10E-14AF7E1BB84E}.Release|x64.Build.0 = Release|x64
		{18265D9F-DEC7-4DF7-A10E-14AF7E1BB84E}.Release|x86.ActiveCfg = Release|Win32
		{18265D9F-DEC7-4DF7-A10E-14AF7E1BB84E}.Release|x86.Build.0 = Release|Win32
		{34108409-49A9-496F-8402-908F98D56DD6}.Debug|x64.ActiveCfg = Debug|x64
		{34108409-49A9-496F-8402-908F98D56DD6}.Debug|x64.Build.0 = Debug|x64
		{34108409-49A9-496F-8402-908F98D56DD6}.Debug|x86.ActiveCfg = Debug|Win32
		{34108409-49A9-496F-8402-908F98D56DD6}.Debug|x86.Build.0 = Debug|Win32
		{34108409-49A9-496F-8402-908F98D56DD6}.Release|x64.ActiveCfg = Release|x64
		{34108409-49A9-496F-8402-908F98D56DD6}.Release|x64.Build.0 = Release|x64
		{34108409-49A9-496F-8402-908F98D56DD6}.Release|x86.ActiveCfg = Release|Win32
		{34108409-49A9-496F-8402-908F98D56DD6}.Release|x86.Build.0 = Release|Win32
		{0A68456A-C176-4FBD-82F3-33ACF500C392}.Debug|x64.ActiveCfg = Debug|x64
		{0A68456A-C176-4FBD-82F3-33ACF500C392}.Debug|x64.Build.0 = Debug|x64
		{0A68456A-C176-4FBD-82F3-33ACF500C392}.Debug|x86.ActiveCfg = Debug|Win32
		{0A68456A-C176-4FBD-82F3-33ACF500C392}.Debug|x86.Build.0 = Debug|Win32
		{0A68456A-C176-4FBD-82F3-33ACF500C392}.Release|x64.ActiveCfg = Release|x64
		{0A68456A-C176-4FBD-82F3-33ACF500C392}.Release|x64.Build.0 = Release|x64
		{0A68456A-C176-4FBD-82F3-33ACF500C392}.Release|x86.ActiveCfg = Release|Win32
		{0A68456A-C176-4FBD-82F3-33ACF500C392}.Release|x86.Build.0 = Release|Win32
	EndGlobalSection
	GlobalSection(SolutionProperties) = preSolution
		HideSolutionNode = FALSE
	EndGlobalSection
EndGlobal
